<?xml version="1.0" encoding="UTF-8"?>
<Project ToolsVersion="15.0" xmlns="http://schemas.microsoft.com/developer/msbuild/2003">
  <ItemGroup>
    <ClCompile Include="D:\SourceTree\rvra-project\ext\aruco\utils\aruco_test.cpp">
      <Filter>Source Files</Filter>
    </ClCompile>
  </ItemGroup>
  <ItemGroup>
    <CustomBuild Include="D:\SourceTree\rvra-project\ext\aruco\utils\CMakeLists.txt" />
  </ItemGroup>
  <ItemGroup>
    <Filter Include="Source Files">
      <UniqueIdentifier>{87A7528A-C5BC-3241-BBD0-016AF84BDD41}</UniqueIdentifier>
    </Filter>
  </ItemGroup>
</Project>
