Microsoft Visual Studio Solution File, Format Version 12.00
# Visual Studio 15
Project("{8BC9CEB8-8B4A-11D0-8D11-00A0C91BC942}") = "ALL_BUILD", "ALL_BUILD.vcxproj", "{9E65309C-E5C3-3D15-AB0E-CF9207EBD387}"
	ProjectSection(ProjectDependencies) = postProject
		{F4A00D1F-EE59-3FD7-8173-9853FC4B941D} = {F4A00D1F-EE59-3FD7-8173-9853FC4B941D}
		{126DCE62-5252-345A-8E38-7B9988A04B2F} = {126DCE62-5252-345A-8E38-7B9988A04B2F}
		{86EC4A9E-EB84-36B2-A9B9-4F97C3F4EEFB} = {86EC4A9E-EB84-36B2-A9B9-4F97C3F4EEFB}
		{FBA73A7D-BE0C-31E8-A27A-41C99BE806A9} = {FBA73A7D-BE0C-31E8-A27A-41C99BE806A9}
		{C3CC21DF-8E62-35D0-BDFE-F7C2C2D26824} = {C3CC21DF-8E62-35D0-BDFE-F7C2C2D26824}
		{B9F00921-9A5C-3BFF-ADF9-7D315843A91A} = {B9F00921-9A5C-3BFF-ADF9-7D315843A91A}
		{719455D4-7B99-3BA4-AEEC-517A34D1A54D} = {719455D4-7B99-3BA4-AEEC-517A34D1A54D}
		{E8EA6567-32BA-3ED8-A1D4-0C48A8CBB2F4} = {E8EA6567-32BA-3ED8-A1D4-0C48A8CBB2F4}
		{AEB45074-FBBF-3C30-BE4C-2A58E253CA1F} = {AEB45074-FBBF-3C30-BE4C-2A58E253CA1F}
		{85A0C9A2-BF94-3674-B779-A8BA666B629D} = {85A0C9A2-BF94-3674-B779-A8BA666B629D}
		{DEB0ACC4-545D-3D9F-A83A-A92759DCE88F} = {DEB0ACC4-545D-3D9F-A83A-A92759DCE88F}
		{C027891A-513C-3BDB-B4CC-2A7140969AFC} = {C027891A-513C-3BDB-B4CC-2A7140969AFC}
		{AC83D847-F084-393C-A86D-3FE392D2364B} = {AC83D847-F084-393C-A86D-3FE392D2364B}
		{1F41B7B4-C285-33E7-A317-5AC7E9572EB7} = {1F41B7B4-C285-33E7-A317-5AC7E9572EB7}
		{0C3594B5-9F5E-34DF-B20E-0A3F07AF7096} = {0C3594B5-9F5E-34DF-B20E-0A3F07AF7096}
		{F4B90ED5-9F80-3597-8A93-695805D251ED} = {F4B90ED5-9F80-3597-8A93-695805D251ED}
		{FCCF0120-82FA-3016-80EB-9F003255C45A} = {FCCF0120-82FA-3016-80EB-9F003255C45A}
	EndProjectSection
EndProject
Project("{8BC9CEB8-8B4A-11D0-8D11-00A0C91BC942}") = "INSTALL", "INSTALL.vcxproj", "{1B4332AC-66B5-3485-97C6-E49CF5F9DCBF}"
	ProjectSection(ProjectDependencies) = postProject
		{9E65309C-E5C3-3D15-AB0E-CF9207EBD387} = {9E65309C-E5C3-3D15-AB0E-CF9207EBD387}
		{126DCE62-5252-345A-8E38-7B9988A04B2F} = {126DCE62-5252-345A-8E38-7B9988A04B2F}
	EndProjectSection
EndProject
Project("{8BC9CEB8-8B4A-11D0-8D11-00A0C91BC942}") = "ReactCamera", "ReactCamera.vcxproj", "{F4A00D1F-EE59-3FD7-8173-9853FC4B941D}"
	ProjectSection(ProjectDependencies) = postProject
		{126DCE62-5252-345A-8E38-7B9988A04B2F} = {126DCE62-5252-345A-8E38-7B9988A04B2F}
		{86EC4A9E-EB84-36B2-A9B9-4F97C3F4EEFB} = {86EC4A9E-EB84-36B2-A9B9-4F97C3F4EEFB}
		{0C3594B5-9F5E-34DF-B20E-0A3F07AF7096} = {0C3594B5-9F5E-34DF-B20E-0A3F07AF7096}
		{F4B90ED5-9F80-3597-8A93-695805D251ED} = {F4B90ED5-9F80-3597-8A93-695805D251ED}
	EndProjectSection
EndProject
Project("{8BC9CEB8-8B4A-11D0-8D11-00A0C91BC942}") = "ZERO_CHECK", "ZERO_CHECK.vcxproj", "{126DCE62-5252-345A-8E38-7B9988A04B2F}"
	ProjectSection(ProjectDependencies) = postProject
	EndProjectSection
EndProject
Project("{8BC9CEB8-8B4A-11D0-8D11-00A0C91BC942}") = "aruco", "ext\aruco\src\aruco.vcxproj", "{86EC4A9E-EB84-36B2-A9B9-4F97C3F4EEFB}"
	ProjectSection(ProjectDependencies) = postProject
		{126DCE62-5252-345A-8E38-7B9988A04B2F} = {126DCE62-5252-345A-8E38-7B9988A04B2F}
	EndProjectSection
EndProject
Project("{8BC9CEB8-8B4A-11D0-8D11-00A0C91BC942}") = "aruco_calibration", "ext\aruco\utils_calibration\aruco_calibration.vcxproj", "{FBA73A7D-BE0C-31E8-A27A-41C99BE806A9}"
	ProjectSection(ProjectDependencies) = postProject
		{126DCE62-5252-345A-8E38-7B9988A04B2F} = {126DCE62-5252-345A-8E38-7B9988A04B2F}
		{86EC4A9E-EB84-36B2-A9B9-4F97C3F4EEFB} = {86EC4A9E-EB84-36B2-A9B9-4F97C3F4EEFB}
	EndProjectSection
EndProject
Project("{8BC9CEB8-8B4A-11D0-8D11-00A0C91BC942}") = "aruco_calibration_fromimages", "ext\aruco\utils_calibration\aruco_calibration_fromimages.vcxproj", "{C3CC21DF-8E62-35D0-BDFE-F7C2C2D26824}"
	ProjectSection(ProjectDependencies) = postProject
		{126DCE62-5252-345A-8E38-7B9988A04B2F} = {126DCE62-5252-345A-8E38-7B9988A04B2F}
		{86EC4A9E-EB84-36B2-A9B9-4F97C3F4EEFB} = {86EC4A9E-EB84-36B2-A9B9-4F97C3F4EEFB}
	EndProjectSection
EndProject
Project("{8BC9CEB8-8B4A-11D0-8D11-00A0C91BC942}") = "aruco_create_markermap", "ext\aruco\utils_markermap\aruco_create_markermap.vcxproj", "{B9F00921-9A5C-3BFF-ADF9-7D315843A91A}"
	ProjectSection(ProjectDependencies) = postProject
		{126DCE62-5252-345A-8E38-7B9988A04B2F} = {126DCE62-5252-345A-8E38-7B9988A04B2F}
		{86EC4A9E-EB84-36B2-A9B9-4F97C3F4EEFB} = {86EC4A9E-EB84-36B2-A9B9-4F97C3F4EEFB}
	EndProjectSection
EndProject
Project("{8BC9CEB8-8B4A-11D0-8D11-00A0C91BC942}") = "aruco_markermap_pix2meters", "ext\aruco\utils_markermap\aruco_markermap_pix2meters.vcxproj", "{719455D4-7B99-3BA4-AEEC-517A34D1A54D}"
	ProjectSection(ProjectDependencies) = postProject
		{126DCE62-5252-345A-8E38-7B9988A04B2F} = {126DCE62-5252-345A-8E38-7B9988A04B2F}
		{86EC4A9E-EB84-36B2-A9B9-4F97C3F4EEFB} = {86EC4A9E-EB84-36B2-A9B9-4F97C3F4EEFB}
	EndProjectSection
EndProject
Project("{8BC9CEB8-8B4A-11D0-8D11-00A0C91BC942}") = "aruco_print_dictionary", "ext\aruco\utils\aruco_print_dictionary.vcxproj", "{E8EA6567-32BA-3ED8-A1D4-0C48A8CBB2F4}"
	ProjectSection(ProjectDependencies) = postProject
		{126DCE62-5252-345A-8E38-7B9988A04B2F} = {126DCE62-5252-345A-8E38-7B9988A04B2F}
		{86EC4A9E-EB84-36B2-A9B9-4F97C3F4EEFB} = {86EC4A9E-EB84-36B2-A9B9-4F97C3F4EEFB}
	EndProjectSection
EndProject
Project("{8BC9CEB8-8B4A-11D0-8D11-00A0C91BC942}") = "aruco_print_marker", "ext\aruco\utils\aruco_print_marker.vcxproj", "{AEB45074-FBBF-3C30-BE4C-2A58E253CA1F}"
	ProjectSection(ProjectDependencies) = postProject
		{126DCE62-5252-345A-8E38-7B9988A04B2F} = {126DCE62-5252-345A-8E38-7B9988A04B2F}
		{86EC4A9E-EB84-36B2-A9B9-4F97C3F4EEFB} = {86EC4A9E-EB84-36B2-A9B9-4F97C3F4EEFB}
	EndProjectSection
EndProject
Project("{8BC9CEB8-8B4A-11D0-8D11-00A0C91BC942}") = "aruco_simple", "ext\aruco\utils\aruco_simple.vcxproj", "{85A0C9A2-BF94-3674-B779-A8BA666B629D}"
	ProjectSection(ProjectDependencies) = postProject
		{126DCE62-5252-345A-8E38-7B9988A04B2F} = {126DCE62-5252-345A-8E38-7B9988A04B2F}
		{86EC4A9E-EB84-36B2-A9B9-4F97C3F4EEFB} = {86EC4A9E-EB84-36B2-A9B9-4F97C3F4EEFB}
	EndProjectSection
EndProject
Project("{8BC9CEB8-8B4A-11D0-8D11-00A0C91BC942}") = "aruco_simple_markermap", "ext\aruco\utils_markermap\aruco_simple_markermap.vcxproj", "{DEB0ACC4-545D-3D9F-A83A-A92759DCE88F}"
	ProjectSection(ProjectDependencies) = postProject
		{126DCE62-5252-345A-8E38-7B9988A04B2F} = {126DCE62-5252-345A-8E38-7B9988A04B2F}
		{86EC4A9E-EB84-36B2-A9B9-4F97C3F4EEFB} = {86EC4A9E-EB84-36B2-A9B9-4F97C3F4EEFB}
	EndProjectSection
EndProject
Project("{8BC9CEB8-8B4A-11D0-8D11-00A0C91BC942}") = "aruco_test", "ext\aruco\utils\aruco_test.vcxproj", "{C027891A-513C-3BDB-B4CC-2A7140969AFC}"
	ProjectSection(ProjectDependencies) = postProject
		{126DCE62-5252-345A-8E38-7B9988A04B2F} = {126DCE62-5252-345A-8E38-7B9988A04B2F}
		{86EC4A9E-EB84-36B2-A9B9-4F97C3F4EEFB} = {86EC4A9E-EB84-36B2-A9B9-4F97C3F4EEFB}
	EndProjectSection
EndProject
Project("{8BC9CEB8-8B4A-11D0-8D11-00A0C91BC942}") = "aruco_test_markermap", "ext\aruco\utils_markermap\aruco_test_markermap.vcxproj", "{AC83D847-F084-393C-A86D-3FE392D2364B}"
	ProjectSection(ProjectDependencies) = postProject
		{126DCE62-5252-345A-8E38-7B9988A04B2F} = {126DCE62-5252-345A-8E38-7B9988A04B2F}
		{86EC4A9E-EB84-36B2-A9B9-4F97C3F4EEFB} = {86EC4A9E-EB84-36B2-A9B9-4F97C3F4EEFB}
	EndProjectSection
EndProject
Project("{8BC9CEB8-8B4A-11D0-8D11-00A0C91BC942}") = "aruco_tracker", "ext\aruco\utils\aruco_tracker.vcxproj", "{1F41B7B4-C285-33E7-A317-5AC7E9572EB7}"
	ProjectSection(ProjectDependencies) = postProject
		{126DCE62-5252-345A-8E38-7B9988A04B2F} = {126DCE62-5252-345A-8E38-7B9988A04B2F}
		{86EC4A9E-EB84-36B2-A9B9-4F97C3F4EEFB} = {86EC4A9E-EB84-36B2-A9B9-4F97C3F4EEFB}
	EndProjectSection
EndProject
Project("{8BC9CEB8-8B4A-11D0-8D11-00A0C91BC942}") = "maximilian", "ext\Maximilian\maximilian.vcxproj", "{0C3594B5-9F5E-34DF-B20E-0A3F07AF7096}"
	ProjectSection(ProjectDependencies) = postProject
		{126DCE62-5252-345A-8E38-7B9988A04B2F} = {126DCE62-5252-345A-8E38-7B9988A04B2F}
		{F4B90ED5-9F80-3597-8A93-695805D251ED} = {F4B90ED5-9F80-3597-8A93-695805D251ED}
	EndProjectSection
EndProject
Project("{8BC9CEB8-8B4A-11D0-8D11-00A0C91BC942}") = "portaudio", "ext\Maximilian\ext\portaudio\portaudio.vcxproj", "{F4B90ED5-9F80-3597-8A93-695805D251ED}"
	ProjectSection(ProjectDependencies) = postProject
		{126DCE62-5252-345A-8E38-7B9988A04B2F} = {126DCE62-5252-345A-8E38-7B9988A04B2F}
	EndProjectSection
EndProject
Project("{8BC9CEB8-8B4A-11D0-8D11-00A0C91BC942}") = "portaudio_static", "ext\Maximilian\ext\portaudio\portaudio_static.vcxproj", "{FCCF0120-82FA-3016-80EB-9F003255C45A}"
	ProjectSection(ProjectDependencies) = postProject
		{126DCE62-5252-345A-8E38-7B9988A04B2F} = {126DCE62-5252-345A-8E38-7B9988A04B2F}
	EndProjectSection
EndProject
Project("{8BC9CEB8-8B4A-11D0-8D11-00A0C91BC942}") = "uninstall", "ext\aruco\uninstall.vcxproj", "{3B6049E6-A537-3D51-BEF8-26291DC86AC1}"
	ProjectSection(ProjectDependencies) = postProject
		{126DCE62-5252-345A-8E38-7B9988A04B2F} = {126DCE62-5252-345A-8E38-7B9988A04B2F}
	EndProjectSection
EndProject
Global
	GlobalSection(SolutionConfigurationPlatforms) = preSolution
		Debug|x64 = Debug|x64
		Release|x64 = Release|x64
		MinSizeRel|x64 = MinSizeRel|x64
		RelWithDebInfo|x64 = RelWithDebInfo|x64
	EndGlobalSection
	GlobalSection(ProjectConfigurationPlatforms) = postSolution
		{9E65309C-E5C3-3D15-AB0E-CF9207EBD387}.Debug|x64.ActiveCfg = Debug|x64
		{9E65309C-E5C3-3D15-AB0E-CF9207EBD387}.Debug|x64.Build.0 = Debug|x64
		{9E65309C-E5C3-3D15-AB0E-CF9207EBD387}.Release|x64.ActiveCfg = Release|x64
		{9E65309C-E5C3-3D15-AB0E-CF9207EBD387}.Release|x64.Build.0 = Release|x64
		{9E65309C-E5C3-3D15-AB0E-CF9207EBD387}.MinSizeRel|x64.ActiveCfg = MinSizeRel|x64
		{9E65309C-E5C3-3D15-AB0E-CF9207EBD387}.MinSizeRel|x64.Build.0 = MinSizeRel|x64
		{9E65309C-E5C3-3D15-AB0E-CF9207EBD387}.RelWithDebInfo|x64.ActiveCfg = RelWithDebInfo|x64
		{9E65309C-E5C3-3D15-AB0E-CF9207EBD387}.RelWithDebInfo|x64.Build.0 = RelWithDebInfo|x64
		{1B4332AC-66B5-3485-97C6-E49CF5F9DCBF}.Debug|x64.ActiveCfg = Debug|x64
		{1B4332AC-66B5-3485-97C6-E49CF5F9DCBF}.Release|x64.ActiveCfg = Release|x64
		{1B4332AC-66B5-3485-97C6-E49CF5F9DCBF}.MinSizeRel|x64.ActiveCfg = MinSizeRel|x64
		{1B4332AC-66B5-3485-97C6-E49CF5F9DCBF}.RelWithDebInfo|x64.ActiveCfg = RelWithDebInfo|x64
		{F4A00D1F-EE59-3FD7-8173-9853FC4B941D}.Debug|x64.ActiveCfg = Debug|x64
		{F4A00D1F-EE59-3FD7-8173-9853FC4B941D}.Debug|x64.Build.0 = Debug|x64
		{F4A00D1F-EE59-3FD7-8173-9853FC4B941D}.Release|x64.ActiveCfg = Release|x64
		{F4A00D1F-EE59-3FD7-8173-9853FC4B941D}.Release|x64.Build.0 = Release|x64
		{F4A00D1F-EE59-3FD7-8173-9853FC4B941D}.MinSizeRel|x64.ActiveCfg = MinSizeRel|x64
		{F4A00D1F-EE59-3FD7-8173-9853FC4B941D}.MinSizeRel|x64.Build.0 = MinSizeRel|x64
		{F4A00D1F-EE59-3FD7-8173-9853FC4B941D}.RelWithDebInfo|x64.ActiveCfg = RelWithDebInfo|x64
		{F4A00D1F-EE59-3FD7-8173-9853FC4B941D}.RelWithDebInfo|x64.Build.0 = RelWithDebInfo|x64
		{126DCE62-5252-345A-8E38-7B9988A04B2F}.Debug|x64.ActiveCfg = Debug|x64
		{126DCE62-5252-345A-8E38-7B9988A04B2F}.Debug|x64.Build.0 = Debug|x64
		{126DCE62-5252-345A-8E38-7B9988A04B2F}.Release|x64.ActiveCfg = Release|x64
		{126DCE62-5252-345A-8E38-7B9988A04B2F}.Release|x64.Build.0 = Release|x64
		{126DCE62-5252-345A-8E38-7B9988A04B2F}.MinSizeRel|x64.ActiveCfg = MinSizeRel|x64
		{126DCE62-5252-345A-8E38-7B9988A04B2F}.MinSizeRel|x64.Build.0 = MinSizeRel|x64
		{126DCE62-5252-345A-8E38-7B9988A04B2F}.RelWithDebInfo|x64.ActiveCfg = RelWithDebInfo|x64
		{126DCE62-5252-345A-8E38-7B9988A04B2F}.RelWithDebInfo|x64.Build.0 = RelWithDebInfo|x64
		{86EC4A9E-EB84-36B2-A9B9-4F97C3F4EEFB}.Debug|x64.ActiveCfg = Debug|x64
		{86EC4A9E-EB84-36B2-A9B9-4F97C3F4EEFB}.Debug|x64.Build.0 = Debug|x64
		{86EC4A9E-EB84-36B2-A9B9-4F97C3F4EEFB}.Release|x64.ActiveCfg = Release|x64
		{86EC4A9E-EB84-36B2-A9B9-4F97C3F4EEFB}.Release|x64.Build.0 = Release|x64
		{86EC4A9E-EB84-36B2-A9B9-4F97C3F4EEFB}.MinSizeRel|x64.ActiveCfg = MinSizeRel|x64
		{86EC4A9E-EB84-36B2-A9B9-4F97C3F4EEFB}.MinSizeRel|x64.Build.0 = MinSizeRel|x64
		{86EC4A9E-EB84-36B2-A9B9-4F97C3F4EEFB}.RelWithDebInfo|x64.ActiveCfg = RelWithDebInfo|x64
		{86EC4A9E-EB84-36B2-A9B9-4F97C3F4EEFB}.RelWithDebInfo|x64.Build.0 = RelWithDebInfo|x64
		{FBA73A7D-BE0C-31E8-A27A-41C99BE806A9}.Debug|x64.ActiveCfg = Debug|x64
		{FBA73A7D-BE0C-31E8-A27A-41C99BE806A9}.Debug|x64.Build.0 = Debug|x64
		{FBA73A7D-BE0C-31E8-A27A-41C99BE806A9}.Release|x64.ActiveCfg = Release|x64
		{FBA73A7D-BE0C-31E8-A27A-41C99BE806A9}.Release|x64.Build.0 = Release|x64
		{FBA73A7D-BE0C-31E8-A27A-41C99BE806A9}.MinSizeRel|x64.ActiveCfg = MinSizeRel|x64
		{FBA73A7D-BE0C-31E8-A27A-41C99BE806A9}.MinSizeRel|x64.Build.0 = MinSizeRel|x64
		{FBA73A7D-BE0C-31E8-A27A-41C99BE806A9}.RelWithDebInfo|x64.ActiveCfg = RelWithDebInfo|x64
		{FBA73A7D-BE0C-31E8-A27A-41C99BE806A9}.RelWithDebInfo|x64.Build.0 = RelWithDebInfo|x64
		{C3CC21DF-8E62-35D0-BDFE-F7C2C2D26824}.Debug|x64.ActiveCfg = Debug|x64
		{C3CC21DF-8E62-35D0-BDFE-F7C2C2D26824}.Debug|x64.Build.0 = Debug|x64
		{C3CC21DF-8E62-35D0-BDFE-F7C2C2D26824}.Release|x64.ActiveCfg = Release|x64
		{C3CC21DF-8E62-35D0-BDFE-F7C2C2D26824}.Release|x64.Build.0 = Release|x64
		{C3CC21DF-8E62-35D0-BDFE-F7C2C2D26824}.MinSizeRel|x64.ActiveCfg = MinSizeRel|x64
		{C3CC21DF-8E62-35D0-BDFE-F7C2C2D26824}.MinSizeRel|x64.Build.0 = MinSizeRel|x64
		{C3CC21DF-8E62-35D0-BDFE-F7C2C2D26824}.RelWithDebInfo|x64.ActiveCfg = RelWithDebInfo|x64
		{C3CC21DF-8E62-35D0-BDFE-F7C2C2D26824}.RelWithDebInfo|x64.Build.0 = RelWithDebInfo|x64
		{B9F00921-9A5C-3BFF-ADF9-7D315843A91A}.Debug|x64.ActiveCfg = Debug|x64
		{B9F00921-9A5C-3BFF-ADF9-7D315843A91A}.Debug|x64.Build.0 = Debug|x64
		{B9F00921-9A5C-3BFF-ADF9-7D315843A91A}.Release|x64.ActiveCfg = Release|x64
		{B9F00921-9A5C-3BFF-ADF9-7D315843A91A}.Release|x64.Build.0 = Release|x64
		{B9F00921-9A5C-3BFF-ADF9-7D315843A91A}.MinSizeRel|x64.ActiveCfg = MinSizeRel|x64
		{B9F00921-9A5C-3BFF-ADF9-7D315843A91A}.MinSizeRel|x64.Build.0 = MinSizeRel|x64
		{B9F00921-9A5C-3BFF-ADF9-7D315843A91A}.RelWithDebInfo|x64.ActiveCfg = RelWithDebInfo|x64
		{B9F00921-9A5C-3BFF-ADF9-7D315843A91A}.RelWithDebInfo|x64.Build.0 = RelWithDebInfo|x64
		{719455D4-7B99-3BA4-AEEC-517A34D1A54D}.Debug|x64.ActiveCfg = Debug|x64
		{719455D4-7B99-3BA4-AEEC-517A34D1A54D}.Debug|x64.Build.0 = Debug|x64
		{719455D4-7B99-3BA4-AEEC-517A34D1A54D}.Release|x64.ActiveCfg = Release|x64
		{719455D4-7B99-3BA4-AEEC-517A34D1A54D}.Release|x64.Build.0 = Release|x64
		{719455D4-7B99-3BA4-AEEC-517A34D1A54D}.MinSizeRel|x64.ActiveCfg = MinSizeRel|x64
		{719455D4-7B99-3BA4-AEEC-517A34D1A54D}.MinSizeRel|x64.Build.0 = MinSizeRel|x64
		{719455D4-7B99-3BA4-AEEC-517A34D1A54D}.RelWithDebInfo|x64.ActiveCfg = RelWithDebInfo|x64
		{719455D4-7B99-3BA4-AEEC-517A34D1A54D}.RelWithDebInfo|x64.Build.0 = RelWithDebInfo|x64
		{E8EA6567-32BA-3ED8-A1D4-0C48A8CBB2F4}.Debug|x64.ActiveCfg = Debug|x64
		{E8EA6567-32BA-3ED8-A1D4-0C48A8CBB2F4}.Debug|x64.Build.0 = Debug|x64
		{E8EA6567-32BA-3ED8-A1D4-0C48A8CBB2F4}.Release|x64.ActiveCfg = Release|x64
		{E8EA6567-32BA-3ED8-A1D4-0C48A8CBB2F4}.Release|x64.Build.0 = Release|x64
		{E8EA6567-32BA-3ED8-A1D4-0C48A8CBB2F4}.MinSizeRel|x64.ActiveCfg = MinSizeRel|x64
		{E8EA6567-32BA-3ED8-A1D4-0C48A8CBB2F4}.MinSizeRel|x64.Build.0 = MinSizeRel|x64
		{E8EA6567-32BA-3ED8-A1D4-0C48A8CBB2F4}.RelWithDebInfo|x64.ActiveCfg = RelWithDebInfo|x64
		{E8EA6567-32BA-3ED8-A1D4-0C48A8CBB2F4}.RelWithDebInfo|x64.Build.0 = RelWithDebInfo|x64
		{AEB45074-FBBF-3C30-BE4C-2A58E253CA1F}.Debug|x64.ActiveCfg = Debug|x64
		{AEB45074-FBBF-3C30-BE4C-2A58E253CA1F}.Debug|x64.Build.0 = Debug|x64
		{AEB45074-FBBF-3C30-BE4C-2A58E253CA1F}.Release|x64.ActiveCfg = Release|x64
		{AEB45074-FBBF-3C30-BE4C-2A58E253CA1F}.Release|x64.Build.0 = Release|x64
		{AEB45074-FBBF-3C30-BE4C-2A58E253CA1F}.MinSizeRel|x64.ActiveCfg = MinSizeRel|x64
		{AEB45074-FBBF-3C30-BE4C-2A58E253CA1F}.MinSizeRel|x64.Build.0 = MinSizeRel|x64
		{AEB45074-FBBF-3C30-BE4C-2A58E253CA1F}.RelWithDebInfo|x64.ActiveCfg = RelWithDebInfo|x64
		{AEB45074-FBBF-3C30-BE4C-2A58E253CA1F}.RelWithDebInfo|x64.Build.0 = RelWithDebInfo|x64
		{85A0C9A2-BF94-3674-B779-A8BA666B629D}.Debug|x64.ActiveCfg = Debug|x64
		{85A0C9A2-BF94-3674-B779-A8BA666B629D}.Debug|x64.Build.0 = Debug|x64
		{85A0C9A2-BF94-3674-B779-A8BA666B629D}.Release|x64.ActiveCfg = Release|x64
		{85A0C9A2-BF94-3674-B779-A8BA666B629D}.Release|x64.Build.0 = Release|x64
		{85A0C9A2-BF94-3674-B779-A8BA666B629D}.MinSizeRel|x64.ActiveCfg = MinSizeRel|x64
		{85A0C9A2-BF94-3674-B779-A8BA666B629D}.MinSizeRel|x64.Build.0 = MinSizeRel|x64
		{85A0C9A2-BF94-3674-B779-A8BA666B629D}.RelWithDebInfo|x64.ActiveCfg = RelWithDebInfo|x64
		{85A0C9A2-BF94-3674-B779-A8BA666B629D}.RelWithDebInfo|x64.Build.0 = RelWithDebInfo|x64
		{DEB0ACC4-545D-3D9F-A83A-A92759DCE88F}.Debug|x64.ActiveCfg = Debug|x64
		{DEB0ACC4-545D-3D9F-A83A-A92759DCE88F}.Debug|x64.Build.0 = Debug|x64
		{DEB0ACC4-545D-3D9F-A83A-A92759DCE88F}.Release|x64.ActiveCfg = Release|x64
		{DEB0ACC4-545D-3D9F-A83A-A92759DCE88F}.Release|x64.Build.0 = Release|x64
		{DEB0ACC4-545D-3D9F-A83A-A92759DCE88F}.MinSizeRel|x64.ActiveCfg = MinSizeRel|x64
		{DEB0ACC4-545D-3D9F-A83A-A92759DCE88F}.MinSizeRel|x64.Build.0 = MinSizeRel|x64
		{DEB0ACC4-545D-3D9F-A83A-A92759DCE88F}.RelWithDebInfo|x64.ActiveCfg = RelWithDebInfo|x64
		{DEB0ACC4-545D-3D9F-A83A-A92759DCE88F}.RelWithDebInfo|x64.Build.0 = RelWithDebInfo|x64
		{C027891A-513C-3BDB-B4CC-2A7140969AFC}.Debug|x64.ActiveCfg = Debug|x64
		{C027891A-513C-3BDB-B4CC-2A7140969AFC}.Debug|x64.Build.0 = Debug|x64
		{C027891A-513C-3BDB-B4CC-2A7140969AFC}.Release|x64.ActiveCfg = Release|x64
		{C027891A-513C-3BDB-B4CC-2A7140969AFC}.Release|x64.Build.0 = Release|x64
		{C027891A-513C-3BDB-B4CC-2A7140969AFC}.MinSizeRel|x64.ActiveCfg = MinSizeRel|x64
		{C027891A-513C-3BDB-B4CC-2A7140969AFC}.MinSizeRel|x64.Build.0 = MinSizeRel|x64
		{C027891A-513C-3BDB-B4CC-2A7140969AFC}.RelWithDebInfo|x64.ActiveCfg = RelWithDebInfo|x64
		{C027891A-513C-3BDB-B4CC-2A7140969AFC}.RelWithDebInfo|x64.Build.0 = RelWithDebInfo|x64
		{AC83D847-F084-393C-A86D-3FE392D2364B}.Debug|x64.ActiveCfg = Debug|x64
		{AC83D847-F084-393C-A86D-3FE392D2364B}.Debug|x64.Build.0 = Debug|x64
		{AC83D847-F084-393C-A86D-3FE392D2364B}.Release|x64.ActiveCfg = Release|x64
		{AC83D847-F084-393C-A86D-3FE392D2364B}.Release|x64.Build.0 = Release|x64
		{AC83D847-F084-393C-A86D-3FE392D2364B}.MinSizeRel|x64.ActiveCfg = MinSizeRel|x64
		{AC83D847-F084-393C-A86D-3FE392D2364B}.MinSizeRel|x64.Build.0 = MinSizeRel|x64
		{AC83D847-F084-393C-A86D-3FE392D2364B}.RelWithDebInfo|x64.ActiveCfg = RelWithDebInfo|x64
		{AC83D847-F084-393C-A86D-3FE392D2364B}.RelWithDebInfo|x64.Build.0 = RelWithDebInfo|x64
		{1F41B7B4-C285-33E7-A317-5AC7E9572EB7}.Debug|x64.ActiveCfg = Debug|x64
		{1F41B7B4-C285-33E7-A317-5AC7E9572EB7}.Debug|x64.Build.0 = Debug|x64
		{1F41B7B4-C285-33E7-A317-5AC7E9572EB7}.Release|x64.ActiveCfg = Release|x64
		{1F41B7B4-C285-33E7-A317-5AC7E9572EB7}.Release|x64.Build.0 = Release|x64
		{1F41B7B4-C285-33E7-A317-5AC7E9572EB7}.MinSizeRel|x64.ActiveCfg = MinSizeRel|x64
		{1F41B7B4-C285-33E7-A317-5AC7E9572EB7}.MinSizeRel|x64.Build.0 = MinSizeRel|x64
		{1F41B7B4-C285-33E7-A317-5AC7E9572EB7}.RelWithDebInfo|x64.ActiveCfg = RelWithDebInfo|x64
		{1F41B7B4-C285-33E7-A317-5AC7E9572EB7}.RelWithDebInfo|x64.Build.0 = RelWithDebInfo|x64
		{0C3594B5-9F5E-34DF-B20E-0A3F07AF7096}.Debug|x64.ActiveCfg = Debug|x64
		{0C3594B5-9F5E-34DF-B20E-0A3F07AF7096}.Debug|x64.Build.0 = Debug|x64
		{0C3594B5-9F5E-34DF-B20E-0A3F07AF7096}.Release|x64.ActiveCfg = Release|x64
		{0C3594B5-9F5E-34DF-B20E-0A3F07AF7096}.Release|x64.Build.0 = Release|x64
		{0C3594B5-9F5E-34DF-B20E-0A3F07AF7096}.MinSizeRel|x64.ActiveCfg = MinSizeRel|x64
		{0C3594B5-9F5E-34DF-B20E-0A3F07AF7096}.MinSizeRel|x64.Build.0 = MinSizeRel|x64
		{0C3594B5-9F5E-34DF-B20E-0A3F07AF7096}.RelWithDebInfo|x64.ActiveCfg = RelWithDebInfo|x64
		{0C3594B5-9F5E-34DF-B20E-0A3F07AF7096}.RelWithDebInfo|x64.Build.0 = RelWithDebInfo|x64
		{F4B90ED5-9F80-3597-8A93-695805D251ED}.Debug|x64.ActiveCfg = Debug|x64
		{F4B90ED5-9F80-3597-8A93-695805D251ED}.Debug|x64.Build.0 = Debug|x64
		{F4B90ED5-9F80-3597-8A93-695805D251ED}.Release|x64.ActiveCfg = Release|x64
		{F4B90ED5-9F80-3597-8A93-695805D251ED}.Release|x64.Build.0 = Release|x64
		{F4B90ED5-9F80-3597-8A93-695805D251ED}.MinSizeRel|x64.ActiveCfg = MinSizeRel|x64
		{F4B90ED5-9F80-3597-8A93-695805D251ED}.MinSizeRel|x64.Build.0 = MinSizeRel|x64
		{F4B90ED5-9F80-3597-8A93-695805D251ED}.RelWithDebInfo|x64.ActiveCfg = RelWithDebInfo|x64
		{F4B90ED5-9F80-3597-8A93-695805D251ED}.RelWithDebInfo|x64.Build.0 = RelWithDebInfo|x64
		{FCCF0120-82FA-3016-80EB-9F003255C45A}.Debug|x64.ActiveCfg = Debug|x64
		{FCCF0120-82FA-3016-80EB-9F003255C45A}.Debug|x64.Build.0 = Debug|x64
		{FCCF0120-82FA-3016-80EB-9F003255C45A}.Release|x64.ActiveCfg = Release|x64
		{FCCF0120-82FA-3016-80EB-9F003255C45A}.Release|x64.Build.0 = Release|x64
		{FCCF0120-82FA-3016-80EB-9F003255C45A}.MinSizeRel|x64.ActiveCfg = MinSizeRel|x64
		{FCCF0120-82FA-3016-80EB-9F003255C45A}.MinSizeRel|x64.Build.0 = MinSizeRel|x64
		{FCCF0120-82FA-3016-80EB-9F003255C45A}.RelWithDebInfo|x64.ActiveCfg = RelWithDebInfo|x64
		{FCCF0120-82FA-3016-80EB-9F003255C45A}.RelWithDebInfo|x64.Build.0 = RelWithDebInfo|x64
		{3B6049E6-A537-3D51-BEF8-26291DC86AC1}.Debug|x64.ActiveCfg = Debug|x64
		{3B6049E6-A537-3D51-BEF8-26291DC86AC1}.Release|x64.ActiveCfg = Release|x64
		{3B6049E6-A537-3D51-BEF8-26291DC86AC1}.MinSizeRel|x64.ActiveCfg = MinSizeRel|x64
		{3B6049E6-A537-3D51-BEF8-26291DC86AC1}.RelWithDebInfo|x64.ActiveCfg = RelWithDebInfo|x64
	EndGlobalSection
	GlobalSection(ExtensibilityGlobals) = postSolution
		SolutionGuid = {3BCD148D-7EE5-3985-9A1D-8EC0330F6EA7}
	EndGlobalSection
	GlobalSection(ExtensibilityAddIns) = postSolution
	EndGlobalSection
EndGlobal
