<?xml version="1.0" encoding="UTF-8"?>
<Project ToolsVersion="15.0" xmlns="http://schemas.microsoft.com/developer/msbuild/2003">
  <ItemGroup>
    <ClCompile Include="D:\SourceTree\rvra-project\src\main.cpp">
      <Filter>Source Files</Filter>
    </ClCompile>
    <ClCompile Include="D:\SourceTree\rvra-project\src\MarkerGraph.cpp">
      <Filter>Source Files</Filter>
    </ClCompile>
    <ClCompile Include="D:\SourceTree\rvra-project\src\DestinationNode.cpp">
      <Filter>Source Files</Filter>
    </ClCompile>
    <ClCompile Include="D:\SourceTree\rvra-project\src\OscNode.cpp">
      <Filter>Source Files</Filter>
    </ClCompile>
    <ClCompile Include="D:\SourceTree\rvra-project\src\xMarker.cpp">
      <Filter>Source Files</Filter>
    </ClCompile>
    <ClCompile Include="D:\SourceTree\rvra-project\src\Interfaces.cpp">
      <Filter>Source Files</Filter>
    </ClCompile>
    <ClCompile Include="D:\SourceTree\rvra-project\src\AmNode.cpp">
      <Filter>Source Files</Filter>
    </ClCompile>
    <ClCompile Include="D:\SourceTree\rvra-project\src\FmNode.cpp">
      <Filter>Source Files</Filter>
    </ClCompile>
    <ClCompile Include="D:\SourceTree\rvra-project\src\NoiseNode.cpp">
      <Filter>Source Files</Filter>
    </ClCompile>
    <ClCompile Include="D:\SourceTree\rvra-project\src\NumericalNode.cpp">
      <Filter>Source Files</Filter>
    </ClCompile>
  </ItemGroup>
  <ItemGroup>
    <ClInclude Include="D:\SourceTree\rvra-project\include\AudioGraph.hpp">
      <Filter>Header Files</Filter>
    </ClInclude>
    <ClInclude Include="D:\SourceTree\rvra-project\include\MarkerGraph.hpp">
      <Filter>Header Files</Filter>
    </ClInclude>
    <ClInclude Include="D:\SourceTree\rvra-project\include\Nodes.hpp">
      <Filter>Header Files</Filter>
    </ClInclude>
    <ClInclude Include="D:\SourceTree\rvra-project\include\AudioNode.hpp">
      <Filter>Header Files</Filter>
    </ClInclude>
    <ClInclude Include="D:\SourceTree\rvra-project\include\OscNode.hpp">
      <Filter>Header Files</Filter>
    </ClInclude>
    <ClInclude Include="D:\SourceTree\rvra-project\include\DestinationNode.hpp">
      <Filter>Header Files</Filter>
    </ClInclude>
    <ClInclude Include="D:\SourceTree\rvra-project\include\xMarker.hpp">
      <Filter>Header Files</Filter>
    </ClInclude>
    <ClInclude Include="D:\SourceTree\rvra-project\include\Interfaces.hpp">
      <Filter>Header Files</Filter>
    </ClInclude>
    <ClInclude Include="D:\SourceTree\rvra-project\include\MiscConsts.hpp">
      <Filter>Header Files</Filter>
    </ClInclude>
    <ClInclude Include="D:\SourceTree\rvra-project\include\AmNode.hpp">
      <Filter>Header Files</Filter>
    </ClInclude>
    <ClInclude Include="D:\SourceTree\rvra-project\include\NoiseNode.hpp">
      <Filter>Header Files</Filter>
    </ClInclude>
    <ClInclude Include="D:\SourceTree\rvra-project\include\NumericalNode.hpp">
      <Filter>Header Files</Filter>
    </ClInclude>
    <ClInclude Include="D:\SourceTree\rvra-project\include\FmNode.hpp">
      <Filter>Header Files</Filter>
    </ClInclude>
  </ItemGroup>
  <ItemGroup>
    <CustomBuild Include="D:\SourceTree\rvra-project\CMakeLists.txt" />
  </ItemGroup>
  <ItemGroup>
    <Filter Include="Source Files">
      <UniqueIdentifier>{87A7528A-C5BC-3241-BBD0-016AF84BDD41}</UniqueIdentifier>
    </Filter>
    <Filter Include="Header Files">
      <UniqueIdentifier>{BFAA47B6-36F5-3647-B1D9-0FCF4A319CC9}</UniqueIdentifier>
    </Filter>
  </ItemGroup>
</Project>
